
Microsoft Visual Studio Solution File, Format Version 11.00
# Visual Studio 2010
Project("{FAE04EC0-301F-11D3-BF4B-00C04F79EFBC}") = "AlienCity_Fase5_Bugs", "Assembly-CSharp.csproj", "{489DEC85-6B55-60B3-DAAB-F5ABEA05C552}"
EndProject
Project("{684D102A-06A9-B015-D7AA-AB2CFAC37805}") = "AlienCity_Fase5_Bugs", "Assembly-UnityScript.unityproj", "{DD3CB592-F5B5-DE05-7906-A7A2B030FB7E}"
EndProject
Global
	GlobalSection(SolutionConfigurationPlatforms) = preSolution
		Debug|Any CPU = Debug|Any CPU
		Release|Any CPU = Release|Any CPU
	EndGlobalSection
	GlobalSection(ProjectConfigurationPlatforms) = postSolution
		{489DEC85-6B55-60B3-DAAB-F5ABEA05C552}.Debug|Any CPU.ActiveCfg = Debug|Any CPU
		{489DEC85-6B55-60B3-DAAB-F5ABEA05C552}.Debug|Any CPU.Build.0 = Debug|Any CPU
		{489DEC85-6B55-60B3-DAAB-F5ABEA05C552}.Release|Any CPU.ActiveCfg = Release|Any CPU
		{489DEC85-6B55-60B3-DAAB-F5ABEA05C552}.Release|Any CPU.Build.0 = Release|Any CPU
		{DD3CB592-F5B5-DE05-7906-A7A2B030FB7E}.Debug|Any CPU.ActiveCfg = Debug|Any CPU
		{DD3CB592-F5B5-DE05-7906-A7A2B030FB7E}.Debug|Any CPU.Build.0 = Debug|Any CPU
		{DD3CB592-F5B5-DE05-7906-A7A2B030FB7E}.Release|Any CPU.ActiveCfg = Release|Any CPU
		{DD3CB592-F5B5-DE05-7906-A7A2B030FB7E}.Release|Any CPU.Build.0 = Release|Any CPU
	EndGlobalSection
	GlobalSection(SolutionProperties) = preSolution
		HideSolutionNode = FALSE
	EndGlobalSection
	GlobalSection(MonoDevelopProperties) = preSolution
		StartupItem = Assembly-CSharp.csproj
	EndGlobalSection
EndGlobal
